
Microsoft Visual Studio Solution File, Format Version 12.00
# Visual Studio 14
VisualStudioVersion = 14.0.25420.1
MinimumVisualStudioVersion = 10.0.40219.1
Project("{FAE04EC0-301F-11D3-BF4B-00C04F79EFBC}") = "AppHost", "WF_WPF\AppHost.csproj", "{6C10DAAB-3DCB-4C7E-9C17-A838A5A03ED1}"
EndProject
Project("{FAE04EC0-301F-11D3-BF4B-00C04F79EFBC}") = "ServiceLocator", "ServiceLocator\ServiceLocator.csproj", "{0710F6ED-CD10-47DA-A353-52808C2A1FC3}"
EndProject
Project("{FAE04EC0-301F-11D3-BF4B-00C04F79EFBC}") = "RepresentationLayer", "RepresentationLayer\RepresentationLayer.csproj", "{F300C609-1B9F-40AC-A0ED-4300A64364F2}"
EndProject
Project("{FAE04EC0-301F-11D3-BF4B-00C04F79EFBC}") = "ScreensInterfaces", "Screensnterfaces\ScreensInterfaces.csproj", "{BDA14E73-8D31-4D0D-93C3-9F3CDA50B70F}"
EndProject
Project("{FAE04EC0-301F-11D3-BF4B-00C04F79EFBC}") = "WorkFlows", "WorkFlows\WorkFlows.csproj", "{B4792EEA-AD9B-4E76-8F8E-FB9031EA06DC}"
EndProject
Project("{FAE04EC0-301F-11D3-BF4B-00C04F79EFBC}") = "ScreensRepo", "ScreensRepo\ScreensRepo.csproj", "{EED0DFA0-ECF1-45F5-AA84-F69F755FE464}"
EndProject
Project("{FAE04EC0-301F-11D3-BF4B-00C04F79EFBC}") = "Authenticator", "Authenticator\Authenticator.csproj", "{BE205B02-E6A5-4DB6-90C5-1549A595080C}"
EndProject
Project("{FAE04EC0-301F-11D3-BF4B-00C04F79EFBC}") = "GPS", "GPS\GPS.csproj", "{1D1F8FBA-B940-40C4-AE5E-41750FB0D40E}"
EndProject
Global
	GlobalSection(SolutionConfigurationPlatforms) = preSolution
		Debug|Any CPU = Debug|Any CPU
		Release|Any CPU = Release|Any CPU
	EndGlobalSection
	GlobalSection(ProjectConfigurationPlatforms) = postSolution
		{6C10DAAB-3DCB-4C7E-9C17-A838A5A03ED1}.Debug|Any CPU.ActiveCfg = Debug|Any CPU
		{6C10DAAB-3DCB-4C7E-9C17-A838A5A03ED1}.Debug|Any CPU.Build.0 = Debug|Any CPU
		{6C10DAAB-3DCB-4C7E-9C17-A838A5A03ED1}.Release|Any CPU.ActiveCfg = Release|Any CPU
		{6C10DAAB-3DCB-4C7E-9C17-A838A5A03ED1}.Release|Any CPU.Build.0 = Release|Any CPU
		{0710F6ED-CD10-47DA-A353-52808C2A1FC3}.Debug|Any CPU.ActiveCfg = Debug|Any CPU
		{0710F6ED-CD10-47DA-A353-52808C2A1FC3}.Debug|Any CPU.Build.0 = Debug|Any CPU
		{0710F6ED-CD10-47DA-A353-52808C2A1FC3}.Release|Any CPU.ActiveCfg = Release|Any CPU
		{0710F6ED-CD10-47DA-A353-52808C2A1FC3}.Release|Any CPU.Build.0 = Release|Any CPU
		{F300C609-1B9F-40AC-A0ED-4300A64364F2}.Debug|Any CPU.ActiveCfg = Debug|Any CPU
		{F300C609-1B9F-40AC-A0ED-4300A64364F2}.Debug|Any CPU.Build.0 = Debug|Any CPU
		{F300C609-1B9F-40AC-A0ED-4300A64364F2}.Release|Any CPU.ActiveCfg = Release|Any CPU
		{F300C609-1B9F-40AC-A0ED-4300A64364F2}.Release|Any CPU.Build.0 = Release|Any CPU
		{BDA14E73-8D31-4D0D-93C3-9F3CDA50B70F}.Debug|Any CPU.ActiveCfg = Debug|Any CPU
		{BDA14E73-8D31-4D0D-93C3-9F3CDA50B70F}.Debug|Any CPU.Build.0 = Debug|Any CPU
		{BDA14E73-8D31-4D0D-93C3-9F3CDA50B70F}.Release|Any CPU.ActiveCfg = Release|Any CPU
		{BDA14E73-8D31-4D0D-93C3-9F3CDA50B70F}.Release|Any CPU.Build.0 = Release|Any CPU
		{B4792EEA-AD9B-4E76-8F8E-FB9031EA06DC}.Debug|Any CPU.ActiveCfg = Debug|Any CPU
		{B4792EEA-AD9B-4E76-8F8E-FB9031EA06DC}.Debug|Any CPU.Build.0 = Debug|Any CPU
		{B4792EEA-AD9B-4E76-8F8E-FB9031EA06DC}.Release|Any CPU.ActiveCfg = Release|Any CPU
		{B4792EEA-AD9B-4E76-8F8E-FB9031EA06DC}.Release|Any CPU.Build.0 = Release|Any CPU
		{EED0DFA0-ECF1-45F5-AA84-F69F755FE464}.Debug|Any CPU.ActiveCfg = Debug|Any CPU
		{EED0DFA0-ECF1-45F5-AA84-F69F755FE464}.Debug|Any CPU.Build.0 = Debug|Any CPU
		{EED0DFA0-ECF1-45F5-AA84-F69F755FE464}.Release|Any CPU.ActiveCfg = Release|Any CPU
		{EED0DFA0-ECF1-45F5-AA84-F69F755FE464}.Release|Any CPU.Build.0 = Release|Any CPU
		{BE205B02-E6A5-4DB6-90C5-1549A595080C}.Debug|Any CPU.ActiveCfg = Debug|Any CPU
		{BE205B02-E6A5-4DB6-90C5-1549A595080C}.Debug|Any CPU.Build.0 = Debug|Any CPU
		{BE205B02-E6A5-4DB6-90C5-1549A595080C}.Release|Any CPU.ActiveCfg = Release|Any CPU
		{BE205B02-E6A5-4DB6-90C5-1549A595080C}.Release|Any CPU.Build.0 = Release|Any CPU
		{1D1F8FBA-B940-40C4-AE5E-41750FB0D40E}.Debug|Any CPU.ActiveCfg = Debug|Any CPU
		{1D1F8FBA-B940-40C4-AE5E-41750FB0D40E}.Debug|Any CPU.Build.0 = Debug|Any CPU
		{1D1F8FBA-B940-40C4-AE5E-41750FB0D40E}.Release|Any CPU.ActiveCfg = Release|Any CPU
		{1D1F8FBA-B940-40C4-AE5E-41750FB0D40E}.Release|Any CPU.Build.0 = Release|Any CPU
	EndGlobalSection
	GlobalSection(SolutionProperties) = preSolution
		HideSolutionNode = FALSE
	EndGlobalSection
EndGlobal
